
Microsoft Visual Studio Solution File, Format Version 12.00
# Visual Studio Version 17
VisualStudioVersion = 17.8.34330.188
MinimumVisualStudioVersion = 10.0.40219.1
Project("{9A19103F-16F7-4668-BE54-9A1E7A4F7556}") = "FribergBookRentals", "FribergBookRentals\FribergBookRentals.csproj", "{53A88D5B-3AB1-4A89-BDBB-927ADE33FC4B}"
EndProject
Project("{9A19103F-16F7-4668-BE54-9A1E7A4F7556}") = "FribergbookRentals.Data", "FribergbookRentals.Data\FribergbookRentals.Data.csproj", "{8D479266-4F99-46D5-9DED-7ACEBB3BC934}"
EndProject
Project("{9A19103F-16F7-4668-BE54-9A1E7A4F7556}") = "FribergBookRentalsTest", "FribergBookRentalsTest\FribergBookRentalsTest.csproj", "{995A43CE-FE74-457E-91F7-ACF5DA09E925}"
EndProject
Global
	GlobalSection(SolutionConfigurationPlatforms) = preSolution
		Debug|Any CPU = Debug|Any CPU
		Release|Any CPU = Release|Any CPU
	EndGlobalSection
	GlobalSection(ProjectConfigurationPlatforms) = postSolution
		{53A88D5B-3AB1-4A89-BDBB-927ADE33FC4B}.Debug|Any CPU.ActiveCfg = Debug|Any CPU
		{53A88D5B-3AB1-4A89-BDBB-927ADE33FC4B}.Debug|Any CPU.Build.0 = Debug|Any CPU
		{53A88D5B-3AB1-4A89-BDBB-927ADE33FC4B}.Release|Any CPU.ActiveCfg = Release|Any CPU
		{53A88D5B-3AB1-4A89-BDBB-927ADE33FC4B}.Release|Any CPU.Build.0 = Release|Any CPU
		{8D479266-4F99-46D5-9DED-7ACEBB3BC934}.Debug|Any CPU.ActiveCfg = Debug|Any CPU
		{8D479266-4F99-46D5-9DED-7ACEBB3BC934}.Debug|Any CPU.Build.0 = Debug|Any CPU
		{8D479266-4F99-46D5-9DED-7ACEBB3BC934}.Release|Any CPU.ActiveCfg = Release|Any CPU
		{8D479266-4F99-46D5-9DED-7ACEBB3BC934}.Release|Any CPU.Build.0 = Release|Any CPU
		{995A43CE-FE74-457E-91F7-ACF5DA09E925}.Debug|Any CPU.ActiveCfg = Debug|Any CPU
		{995A43CE-FE74-457E-91F7-ACF5DA09E925}.Debug|Any CPU.Build.0 = Debug|Any CPU
		{995A43CE-FE74-457E-91F7-ACF5DA09E925}.Release|Any CPU.ActiveCfg = Release|Any CPU
		{995A43CE-FE74-457E-91F7-ACF5DA09E925}.Release|Any CPU.Build.0 = Release|Any CPU
	EndGlobalSection
	GlobalSection(SolutionProperties) = preSolution
		HideSolutionNode = FALSE
	EndGlobalSection
	GlobalSection(ExtensibilityGlobals) = postSolution
		SolutionGuid = {B6DFA1E5-1D1E-46AE-9328-ED41772D69D0}
	EndGlobalSection
EndGlobal
